
Microsoft Visual Studio Solution File, Format Version 12.00
# Visual Studio Version 17
VisualStudioVersion = 17.7.34018.315
MinimumVisualStudioVersion = 10.0.40219.1
Project("{FAE04EC0-301F-11D3-BF4B-00C04F79EFBC}") = "ExchangeCoinApi", "ExchangeCoin\ExchangeCoinApi.csproj", "{F1B27538-0A57-4398-A012-012BFA3E344A}"
EndProject
Global
	GlobalSection(SolutionConfigurationPlatforms) = preSolution
		Debug|Any CPU = Debug|Any CPU
		Release|Any CPU = Release|Any CPU
	EndGlobalSection
	GlobalSection(ProjectConfigurationPlatforms) = postSolution
		{F1B27538-0A57-4398-A012-012BFA3E344A}.Debug|Any CPU.ActiveCfg = Debug|Any CPU
		{F1B27538-0A57-4398-A012-012BFA3E344A}.Debug|Any CPU.Build.0 = Debug|Any CPU
		{F1B27538-0A57-4398-A012-012BFA3E344A}.Release|Any CPU.ActiveCfg = Release|Any CPU
		{F1B27538-0A57-4398-A012-012BFA3E344A}.Release|Any CPU.Build.0 = Release|Any CPU
	EndGlobalSection
	GlobalSection(SolutionProperties) = preSolution
		HideSolutionNode = FALSE
	EndGlobalSection
	GlobalSection(ExtensibilityGlobals) = postSolution
		SolutionGuid = {91B6842C-D848-4CD0-BDDA-F17B2960238E}
	EndGlobalSection
EndGlobal
